
Microsoft Visual Studio Solution File, Format Version 12.00
# Visual Studio Version 17
VisualStudioVersion = 17.1.32421.90
MinimumVisualStudioVersion = 10.0.40219.1
Project("{FAE04EC0-301F-11D3-BF4B-00C04F79EFBC}") = "DataAccessLayer", "DataAccessLayer\DataAccessLayer.csproj", "{4C4C3282-F045-4C46-B0FB-AEBA6D117182}"
EndProject
Global
	GlobalSection(SolutionConfigurationPlatforms) = preSolution
		Debug|Any CPU = Debug|Any CPU
		Release|Any CPU = Release|Any CPU
	EndGlobalSection
	GlobalSection(ProjectConfigurationPlatforms) = postSolution
		{4C4C3282-F045-4C46-B0FB-AEBA6D117182}.Debug|Any CPU.ActiveCfg = Debug|Any CPU
		{4C4C3282-F045-4C46-B0FB-AEBA6D117182}.Debug|Any CPU.Build.0 = Debug|Any CPU
		{4C4C3282-F045-4C46-B0FB-AEBA6D117182}.Release|Any CPU.ActiveCfg = Release|Any CPU
		{4C4C3282-F045-4C46-B0FB-AEBA6D117182}.Release|Any CPU.Build.0 = Release|Any CPU
	EndGlobalSection
	GlobalSection(SolutionProperties) = preSolution
		HideSolutionNode = FALSE
	EndGlobalSection
	GlobalSection(ExtensibilityGlobals) = postSolution
		SolutionGuid = {F539464D-44C1-4507-B6AA-7E9D5558AD47}
	EndGlobalSection
EndGlobal
